<?xml version="1.0" encoding="utf-8"?>
<Project ToolsVersion="4.0" xmlns="http://schemas.microsoft.com/developer/msbuild/2003">
  <ItemGroup>
    <Filter Include="Source Files">
      <UniqueIdentifier>{4FC737F1-C7A5-4376-A066-2A32D752A2FF}</UniqueIdentifier>
      <Extensions>cpp;c;cc;cxx;def;odl;idl;hpj;bat;asm;asmx</Extensions>
    </Filter>
    <Filter Include="Header Files">
      <UniqueIdentifier>{93995380-89BD-4b04-88EB-625FBE52EBFB}</UniqueIdentifier>
      <Extensions>h;hh;hpp;hxx;hm;inl;inc;xsd</Extensions>
    </Filter>
    <Filter Include="Resource Files">
      <UniqueIdentifier>{67DA6AB6-F800-4c08-8B7A-83BB121AAD01}</UniqueIdentifier>
      <Extensions>rc;ico;cur;bmp;dlg;rc2;rct;bin;rgs;gif;jpg;jpeg;jpe;resx;tiff;tif;png;wav;mfcribbon-ms</Extensions>
    </Filter>
    <Filter Include="Header Files\Duck">
      <UniqueIdentifier>{dbb7f3b3-d3b2-4bcd-bae6-a37789ff6912}</UniqueIdentifier>
    </Filter>
    <Filter Include="Source Files\Duck">
      <UniqueIdentifier>{8e6b4eba-b1a0-4911-8836-becd844647e2}</UniqueIdentifier>
    </Filter>
    <Filter Include="Header Files\Behavior">
      <UniqueIdentifier>{1d9bc2d4-62ec-4f00-861f-ed39659f84db}</UniqueIdentifier>
    </Filter>
    <Filter Include="Source Files\Behavior">
      <UniqueIdentifier>{1320cd24-7d3c-40aa-b6b7-0107f35a01b7}</UniqueIdentifier>
    </Filter>
  </ItemGroup>
  <ItemGroup>
    <ClInclude Include="Header.h">
      <Filter>Header Files</Filter>
    </ClInclude>
    <ClInclude Include="Duck.h">
      <Filter>Header Files\Duck</Filter>
    </ClInclude>
    <ClInclude Include="RedHeadDuck.h">
      <Filter>Header Files\Duck</Filter>
    </ClInclude>
    <ClInclude Include="RubberDuck.h">
      <Filter>Header Files\Duck</Filter>
    </ClInclude>
    <ClInclude Include="FlyBehavior.h">
      <Filter>Header Files\Behavior</Filter>
    </ClInclude>
    <ClInclude Include="FlyWithWings.h">
      <Filter>Header Files\Behavior</Filter>
    </ClInclude>
    <ClInclude Include="FlyNoWay.h">
      <Filter>Header Files\Behavior</Filter>
    </ClInclude>
    <ClInclude Include="QuackBehavior.h">
      <Filter>Header Files\Behavior</Filter>
    </ClInclude>
    <ClInclude Include="NewModelDuck.h">
      <Filter>Header Files\Duck</Filter>
    </ClInclude>
    <ClInclude Include="Quack.h">
      <Filter>Header Files\Behavior</Filter>
    </ClInclude>
    <ClInclude Include="Squeak.h">
      <Filter>Header Files\Behavior</Filter>
    </ClInclude>
    <ClInclude Include="QuackMute.h">
      <Filter>Header Files\Behavior</Filter>
    </ClInclude>
  </ItemGroup>
  <ItemGroup>
    <ClCompile Include="Duck.cpp">
      <Filter>Source Files\Duck</Filter>
    </ClCompile>
    <ClCompile Include="RedHeadDuck.cpp">
      <Filter>Source Files\Duck</Filter>
    </ClCompile>
    <ClCompile Include="RubberDuck.cpp">
      <Filter>Source Files\Duck</Filter>
    </ClCompile>
    <ClCompile Include="Source.cpp">
      <Filter>Source Files</Filter>
    </ClCompile>
    <ClCompile Include="FlyBehavior.cpp">
      <Filter>Source Files\Behavior</Filter>
    </ClCompile>
    <ClCompile Include="FlyWithWings.cpp">
      <Filter>Source Files\Behavior</Filter>
    </ClCompile>
    <ClCompile Include="FlyNoWay.cpp">
      <Filter>Source Files\Behavior</Filter>
    </ClCompile>
    <ClCompile Include="QuackBehavior.cpp">
      <Filter>Source Files\Behavior</Filter>
    </ClCompile>
    <ClCompile Include="NewModelDuck.cpp">
      <Filter>Source Files\Duck</Filter>
    </ClCompile>
    <ClCompile Include="Quack.cpp">
      <Filter>Source Files\Behavior</Filter>
    </ClCompile>
    <ClCompile Include="Squeak.cpp">
      <Filter>Source Files\Behavior</Filter>
    </ClCompile>
    <ClCompile Include="QuackMute.cpp">
      <Filter>Source Files\Behavior</Filter>
    </ClCompile>
  </ItemGroup>
</Project>